// !$*UTF8*$!
{
	archiveVersion = 1;
	classes = {
	};
	objectVersion = 77;
	objects = {

/* Begin PBXContainerItemProxy section */
		A60000000000000000000011 /* PBXContainerItemProxy */ = {
			isa = PBXContainerItemProxy;
			containerPortal = A60000000000000000000010 /* Project object */;
			proxyType = 1;
			remoteGlobalIDString = A50000000000000000000001;
			remoteInfo = XLibReader;
		};
		A60000000000000000000012 /* PBXContainerItemProxy */ = {
			isa = PBXContainerItemProxy;
			containerPortal = A60000000000000000000010 /* Project object */;
			proxyType = 1;
			remoteGlobalIDString = A50000000000000000000001;
			remoteInfo = XLibReader;
		};
/* End PBXContainerItemProxy section */

/* Begin PBXFileReference section */
		A10000000000000000000001 /* XLibReader.app */ = {isa = PBXFileReference; explicitFileType = wrapper.application; includeInIndex = 0; path = XLibReader.app; sourceTree = BUILT_PRODUCTS_DIR; };
		A10000000000000000000002 /* XLibReaderTests.xctest */ = {isa = PBXFileReference; explicitFileType = wrapper.cfbundle; includeInIndex = 0; path = XLibReaderTests.xctest; sourceTree = BUILT_PRODUCTS_DIR; };
		A10000000000000000000003 /* XLibReaderUITests.xctest */ = {isa = PBXFileReference; explicitFileType = wrapper.cfbundle; includeInIndex = 0; path = XLibReaderUITests.xctest; sourceTree = BUILT_PRODUCTS_DIR; };
/* End PBXFileReference section */

/* Begin PBXFileSystemSynchronizedBuildFileExceptionSet section */
		A21000000000000000000001 /* Exceptions for "XLibReader" folder in "XLibReader" target */ = {
			isa = PBXFileSystemSynchronizedBuildFileExceptionSet;
			membershipExceptions = (
				Resources/Info.plist,
			);
			target = A50000000000000000000001 /* XLibReader */;
		};
/* End PBXFileSystemSynchronizedBuildFileExceptionSet section */

/* Begin PBXFileSystemSynchronizedRootGroup section */
		A20000000000000000000001 /* XLibReader */ = {
			isa = PBXFileSystemSynchronizedRootGroup;
			exceptions = (
				A21000000000000000000001 /* Exceptions for "XLibReader" folder in "XLibReader" target */,
			);
			path = XLibReader;
			sourceTree = "<group>";
		};
		A20000000000000000000002 /* XLibReaderTests */ = {
			isa = PBXFileSystemSynchronizedRootGroup;
			path = XLibReaderTests;
			sourceTree = "<group>";
		};
		A20000000000000000000003 /* XLibReaderUITests */ = {
			isa = PBXFileSystemSynchronizedRootGroup;
			path = XLibReaderUITests;
			sourceTree = "<group>";
		};
/* End PBXFileSystemSynchronizedRootGroup section */

/* Begin PBXFrameworksBuildPhase section */
		A30000000000000000000001 /* Frameworks */ = {
			isa = PBXFrameworksBuildPhase;
			buildActionMask = 2147483647;
			files = (
			);
			runOnlyForDeploymentPostprocessing = 0;
		};
		A30000000000000000000002 /* Frameworks */ = {
			isa = PBXFrameworksBuildPhase;
			buildActionMask = 2147483647;
			files = (
			);
			runOnlyForDeploymentPostprocessing = 0;
		};
		A30000000000000000000003 /* Frameworks */ = {
			isa = PBXFrameworksBuildPhase;
			buildActionMask = 2147483647;
			files = (
			);
			runOnlyForDeploymentPostprocessing = 0;
		};
/* End PBXFrameworksBuildPhase section */

/* Begin PBXGroup section */
		A40000000000000000000001 = {
			isa = PBXGroup;
			children = (
				A20000000000000000000001 /* XLibReader */,
				A20000000000000000000002 /* XLibReaderTests */,
				A20000000000000000000003 /* XLibReaderUITests */,
				A40000000000000000000002 /* Products */,
			);
			sourceTree = "<group>";
		};
		A40000000000000000000002 /* Products */ = {
			isa = PBXGroup;
			children = (
				A10000000000000000000001 /* XLibReader.app */,
				A10000000000000000000002 /* XLibReaderTests.xctest */,
				A10000000000000000000003 /* XLibReaderUITests.xctest */,
			);
			name = Products;
			sourceTree = "<group>";
		};
/* End PBXGroup section */

/* Begin PBXNativeTarget section */
		A50000000000000000000001 /* XLibReader */ = {
			isa = PBXNativeTarget;
			buildConfigurationList = A90000000000000000000002 /* Build configuration list for PBXNativeTarget "XLibReader" */;
			buildPhases = (
				A70000000000000000000001 /* Sources */,
				A30000000000000000000001 /* Frameworks */,
				A80000000000000000000001 /* Resources */,
			);
			buildRules = (
			);
			dependencies = (
			);
			fileSystemSynchronizedGroups = (
				A20000000000000000000001 /* XLibReader */,
			);
			name = XLibReader;
			packageProductDependencies = (
			);
			productName = XLibReader;
			productReference = A10000000000000000000001 /* XLibReader.app */;
			productType = "com.apple.product-type.application";
		};
		A50000000000000000000002 /* XLibReaderTests */ = {
			isa = PBXNativeTarget;
			buildConfigurationList = A90000000000000000000003 /* Build configuration list for PBXNativeTarget "XLibReaderTests" */;
			buildPhases = (
				A70000000000000000000002 /* Sources */,
				A30000000000000000000002 /* Frameworks */,
				A80000000000000000000002 /* Resources */,
			);
			buildRules = (
			);
			dependencies = (
				A60000000000000000000001 /* PBXTargetDependency */,
			);
			fileSystemSynchronizedGroups = (
				A20000000000000000000002 /* XLibReaderTests */,
			);
			name = XLibReaderTests;
			packageProductDependencies = (
			);
			productName = XLibReaderTests;
			productReference = A10000000000000000000002 /* XLibReaderTests.xctest */;
			productType = "com.apple.product-type.bundle.unit-test";
		};
		A50000000000000000000003 /* XLibReaderUITests */ = {
			isa = PBXNativeTarget;
			buildConfigurationList = A90000000000000000000004 /* Build configuration list for PBXNativeTarget "XLibReaderUITests" */;
			buildPhases = (
				A70000000000000000000003 /* Sources */,
				A30000000000000000000003 /* Frameworks */,
				A80000000000000000000003 /* Resources */,
			);
			buildRules = (
			);
			dependencies = (
				A60000000000000000000002 /* PBXTargetDependency */,
			);
			fileSystemSynchronizedGroups = (
				A20000000000000000000003 /* XLibReaderUITests */,
			);
			name = XLibReaderUITests;
			packageProductDependencies = (
			);
			productName = XLibReaderUITests;
			productReference = A10000000000000000000003 /* XLibReaderUITests.xctest */;
			productType = "com.apple.product-type.bundle.ui-testing";
		};
/* End PBXNativeTarget section */

/* Begin PBXProject section */
		A60000000000000000000010 /* Project object */ = {
			isa = PBXProject;
			attributes = {
				BuildIndependentTargetsInParallel = 1;
				LastSwiftUpdateCheck = 2660;
				LastUpgradeCheck = 2660;
				TargetAttributes = {
					A50000000000000000000001 = {
						CreatedOnToolsVersion = 26.6;
					};
					A50000000000000000000002 = {
						CreatedOnToolsVersion = 26.6;
						TestTargetID = A50000000000000000000001;
					};
					A50000000000000000000003 = {
						CreatedOnToolsVersion = 26.6;
						TestTargetID = A50000000000000000000001;
					};
				};
			};
			buildConfigurationList = A90000000000000000000001 /* Build configuration list for PBXProject "XLibReader" */;
			developmentRegion = zh_CN;
			hasScannedForEncodings = 0;
			knownRegions = (
				en,
				Base,
				zh_CN,
			);
			mainGroup = A40000000000000000000001;
			preferredProjectObjectVersion = 77;
			productRefGroup = A40000000000000000000002 /* Products */;
			projectDirPath = "";
			projectRoot = "";
			targets = (
				A50000000000000000000001 /* XLibReader */,
				A50000000000000000000002 /* XLibReaderTests */,
				A50000000000000000000003 /* XLibReaderUITests */,
			);
		};
/* End PBXProject section */

/* Begin PBXResourcesBuildPhase section */
		A80000000000000000000001 /* Resources */ = {
			isa = PBXResourcesBuildPhase;
			buildActionMask = 2147483647;
			files = (
			);
			runOnlyForDeploymentPostprocessing = 0;
		};
		A80000000000000000000002 /* Resources */ = {
			isa = PBXResourcesBuildPhase;
			buildActionMask = 2147483647;
			files = (
			);
			runOnlyForDeploymentPostprocessing = 0;
		};
		A80000000000000000000003 /* Resources */ = {
			isa = PBXResourcesBuildPhase;
			buildActionMask = 2147483647;
			files = (
			);
			runOnlyForDeploymentPostprocessing = 0;
		};
/* End PBXResourcesBuildPhase section */

/* Begin PBXSourcesBuildPhase section */
		A70000000000000000000001 /* Sources */ = {
			isa = PBXSourcesBuildPhase;
			buildActionMask = 2147483647;
			files = (
			);
			runOnlyForDeploymentPostprocessing = 0;
		};
		A70000000000000000000002 /* Sources */ = {
			isa = PBXSourcesBuildPhase;
			buildActionMask = 2147483647;
			files = (
			);
			runOnlyForDeploymentPostprocessing = 0;
		};
		A70000000000000000000003 /* Sources */ = {
			isa = PBXSourcesBuildPhase;
			buildActionMask = 2147483647;
			files = (
			);
			runOnlyForDeploymentPostprocessing = 0;
		};
/* End PBXSourcesBuildPhase section */

/* Begin PBXTargetDependency section */
		A60000000000000000000001 /* PBXTargetDependency */ = {
			isa = PBXTargetDependency;
			target = A50000000000000000000001 /* XLibReader */;
			targetProxy = A60000000000000000000011 /* PBXContainerItemProxy */;
		};
		A60000000000000000000002 /* PBXTargetDependency */ = {
			isa = PBXTargetDependency;
			target = A50000000000000000000001 /* XLibReader */;
			targetProxy = A60000000000000000000012 /* PBXContainerItemProxy */;
		};
/* End PBXTargetDependency section */

/* Begin XCBuildConfiguration section */
		B10000000000000000000001 /* Debug */ = {
			isa = XCBuildConfiguration;
			buildSettings = {
				CLANG_ENABLE_MODULES = YES;
				ENABLE_TESTABILITY = YES;
				GCC_C_LANGUAGE_STANDARD = gnu17;
				IPHONEOS_DEPLOYMENT_TARGET = 17.6;
				ONLY_ACTIVE_ARCH = YES;
				SDKROOT = iphoneos;
				SWIFT_ACTIVE_COMPILATION_CONDITIONS = "DEBUG $(inherited)";
				SWIFT_OPTIMIZATION_LEVEL = "-Onone";
				SWIFT_STRICT_CONCURRENCY = complete;
			};
			name = Debug;
		};
		B10000000000000000000002 /* Release */ = {
			isa = XCBuildConfiguration;
			buildSettings = {
				CLANG_ENABLE_MODULES = YES;
				GCC_C_LANGUAGE_STANDARD = gnu17;
				IPHONEOS_DEPLOYMENT_TARGET = 17.6;
				SDKROOT = iphoneos;
				SWIFT_COMPILATION_MODE = wholemodule;
				SWIFT_OPTIMIZATION_LEVEL = "-O";
				SWIFT_STRICT_CONCURRENCY = complete;
				VALIDATE_PRODUCT = YES;
			};
			name = Release;
		};
		B20000000000000000000001 /* Debug */ = {
			isa = XCBuildConfiguration;
			buildSettings = {
				ASSETCATALOG_COMPILER_APPICON_NAME = AppIcon;
				CODE_SIGN_STYLE = Automatic;
				CURRENT_PROJECT_VERSION = 30;
				DEVELOPMENT_TEAM = ZNSSZM57R8;
				ENABLE_PREVIEWS = YES;
				GENERATE_INFOPLIST_FILE = NO;
				INFOPLIST_FILE = XLibReader/Resources/Info.plist;
				IPHONEOS_DEPLOYMENT_TARGET = 17.6;
				MARKETING_VERSION = 0.2.1;
				PRODUCT_BUNDLE_IDENTIFIER = com.xlib.txtreader;
				PRODUCT_NAME = "$(TARGET_NAME)";
				SUPPORTED_PLATFORMS = "iphoneos iphonesimulator";
				SWIFT_EMIT_LOC_STRINGS = YES;
				SWIFT_VERSION = 6.0;
				TARGETED_DEVICE_FAMILY = "1,2";
				XLIB_SYNC_BASE_URL = "";
			};
			name = Debug;
		};
		B20000000000000000000002 /* Release */ = {
			isa = XCBuildConfiguration;
			buildSettings = {
				ASSETCATALOG_COMPILER_APPICON_NAME = AppIcon;
				CODE_SIGN_STYLE = Automatic;
				CURRENT_PROJECT_VERSION = 30;
				DEVELOPMENT_TEAM = ZNSSZM57R8;
				ENABLE_PREVIEWS = YES;
				GENERATE_INFOPLIST_FILE = NO;
				INFOPLIST_FILE = XLibReader/Resources/Info.plist;
				IPHONEOS_DEPLOYMENT_TARGET = 17.6;
				MARKETING_VERSION = 0.2.1;
				PRODUCT_BUNDLE_IDENTIFIER = com.xlib.txtreader;
				PRODUCT_NAME = "$(TARGET_NAME)";
				SUPPORTED_PLATFORMS = "iphoneos iphonesimulator";
				SWIFT_EMIT_LOC_STRINGS = YES;
				SWIFT_VERSION = 6.0;
				TARGETED_DEVICE_FAMILY = "1,2";
				XLIB_SYNC_BASE_URL = "";
			};
			name = Release;
		};
		B30000000000000000000001 /* Debug */ = {
			isa = XCBuildConfiguration;
			buildSettings = {
				BUNDLE_LOADER = "$(TEST_HOST)";
				CODE_SIGN_STYLE = Automatic;
				GENERATE_INFOPLIST_FILE = YES;
				IPHONEOS_DEPLOYMENT_TARGET = 17.6;
				PRODUCT_BUNDLE_IDENTIFIER = com.xlib.txtreader.tests;
				PRODUCT_NAME = "$(TARGET_NAME)";
				SUPPORTED_PLATFORMS = "iphoneos iphonesimulator";
				SWIFT_VERSION = 6.0;
				TARGETED_DEVICE_FAMILY = "1,2";
				TEST_HOST = "$(BUILT_PRODUCTS_DIR)/XLibReader.app/$(BUNDLE_EXECUTABLE_FOLDER_PATH)/XLibReader";
			};
			name = Debug;
		};
		B30000000000000000000002 /* Release */ = {
			isa = XCBuildConfiguration;
			buildSettings = {
				BUNDLE_LOADER = "$(TEST_HOST)";
				CODE_SIGN_STYLE = Automatic;
				GENERATE_INFOPLIST_FILE = YES;
				IPHONEOS_DEPLOYMENT_TARGET = 17.6;
				PRODUCT_BUNDLE_IDENTIFIER = com.xlib.txtreader.tests;
				PRODUCT_NAME = "$(TARGET_NAME)";
				SUPPORTED_PLATFORMS = "iphoneos iphonesimulator";
				SWIFT_VERSION = 6.0;
				TARGETED_DEVICE_FAMILY = "1,2";
				TEST_HOST = "$(BUILT_PRODUCTS_DIR)/XLibReader.app/$(BUNDLE_EXECUTABLE_FOLDER_PATH)/XLibReader";
			};
			name = Release;
		};
		B40000000000000000000001 /* Debug */ = {
			isa = XCBuildConfiguration;
			buildSettings = {
				CODE_SIGN_STYLE = Automatic;
				GENERATE_INFOPLIST_FILE = YES;
				IPHONEOS_DEPLOYMENT_TARGET = 17.6;
				PRODUCT_BUNDLE_IDENTIFIER = com.xlib.txtreader.uitests;
				PRODUCT_NAME = "$(TARGET_NAME)";
				SUPPORTED_PLATFORMS = "iphoneos iphonesimulator";
				SWIFT_VERSION = 6.0;
				TARGETED_DEVICE_FAMILY = "1,2";
				TEST_TARGET_NAME = XLibReader;
			};
			name = Debug;
		};
		B40000000000000000000002 /* Release */ = {
			isa = XCBuildConfiguration;
			buildSettings = {
				CODE_SIGN_STYLE = Automatic;
				GENERATE_INFOPLIST_FILE = YES;
				IPHONEOS_DEPLOYMENT_TARGET = 17.6;
				PRODUCT_BUNDLE_IDENTIFIER = com.xlib.txtreader.uitests;
				PRODUCT_NAME = "$(TARGET_NAME)";
				SUPPORTED_PLATFORMS = "iphoneos iphonesimulator";
				SWIFT_VERSION = 6.0;
				TARGETED_DEVICE_FAMILY = "1,2";
				TEST_TARGET_NAME = XLibReader;
			};
			name = Release;
		};
/* End XCBuildConfiguration section */

/* Begin XCConfigurationList section */
		A90000000000000000000001 /* Build configuration list for PBXProject "XLibReader" */ = {
			isa = XCConfigurationList;
			buildConfigurations = (
				B10000000000000000000001 /* Debug */,
				B10000000000000000000002 /* Release */,
			);
			defaultConfigurationIsVisible = 0;
			defaultConfigurationName = Release;
		};
		A90000000000000000000002 /* Build configuration list for PBXNativeTarget "XLibReader" */ = {
			isa = XCConfigurationList;
			buildConfigurations = (
				B20000000000000000000001 /* Debug */,
				B20000000000000000000002 /* Release */,
			);
			defaultConfigurationIsVisible = 0;
			defaultConfigurationName = Release;
		};
		A90000000000000000000003 /* Build configuration list for PBXNativeTarget "XLibReaderTests" */ = {
			isa = XCConfigurationList;
			buildConfigurations = (
				B30000000000000000000001 /* Debug */,
				B30000000000000000000002 /* Release */,
			);
			defaultConfigurationIsVisible = 0;
			defaultConfigurationName = Release;
		};
		A90000000000000000000004 /* Build configuration list for PBXNativeTarget "XLibReaderUITests" */ = {
			isa = XCConfigurationList;
			buildConfigurations = (
				B40000000000000000000001 /* Debug */,
				B40000000000000000000002 /* Release */,
			);
			defaultConfigurationIsVisible = 0;
			defaultConfigurationName = Release;
		};
/* End XCConfigurationList section */
	};
	rootObject = A60000000000000000000010 /* Project object */;
}
